// !$*UTF8*$!
{
	archiveVersion = 1;
	classes = {
	};
	objectVersion = 46;
	objects = {

/* Begin PBXBuildFile section */
		89CF6AD51B8774CF009CDDD9 /* ContentType.swift in Sources */ = {isa = PBXBuildFile; fileRef = 89CF6AD41B8774CF009CDDD9 /* ContentType.swift */; };
		89CF6AD81B87761D009CDDD9 /* CGRectExtension.swift in Sources */ = {isa = PBXBuildFile; fileRef = 89CF6AD71B87761D009CDDD9 /* CGRectExtension.swift */; };
		89CF6ADB1B8776F9009CDDD9 /* CircularRevealTransition.swift in Sources */ = {isa = PBXBuildFile; fileRef = 89CF6ADA1B8776F9009CDDD9 /* CircularRevealTransition.swift */; };
		89DD73621B821BB000B33E5E /* AppDelegate.swift in Sources */ = {isa = PBXBuildFile; fileRef = 89DD73611B821BB000B33E5E /* AppDelegate.swift */; };
		89DD73641B821BB000B33E5E /* ViewController.swift in Sources */ = {isa = PBXBuildFile; fileRef = 89DD73631B821BB000B33E5E /* ViewController.swift */; };
		89DD73671B821BB000B33E5E /* Main.storyboard in Resources */ = {isa = PBXBuildFile; fileRef = 89DD73651B821BB000B33E5E /* Main.storyboard */; };
		89DD73691B821BB000B33E5E /* Images.xcassets in Resources */ = {isa = PBXBuildFile; fileRef = 89DD73681B821BB000B33E5E /* Images.xcassets */; };
		89DD736C1B821BB000B33E5E /* LaunchScreen.xib in Resources */ = {isa = PBXBuildFile; fileRef = 89DD736A1B821BB000B33E5E /* LaunchScreen.xib */; };
		89DD73781B821BB000B33E5E /* PerseiSampleTests.swift in Sources */ = {isa = PBXBuildFile; fileRef = 89DD73771B821BB000B33E5E /* PerseiSampleTests.swift */; };
		F47744D1BFB40318E362CC05 /* Pods_PerseiSample.framework in Frameworks */ = {isa = PBXBuildFile; fileRef = F026066CE7244E5FBC2E3867 /* Pods_PerseiSample.framework */; settings = {ATTRIBUTES = (Weak, ); }; };
/* End PBXBuildFile section */

/* Begin PBXContainerItemProxy section */
		89DD73721B821BB000B33E5E /* PBXContainerItemProxy */ = {
			isa = PBXContainerItemProxy;
			containerPortal = 89DD73541B821BB000B33E5E /* Project object */;
			proxyType = 1;
			remoteGlobalIDString = 89DD735B1B821BB000B33E5E;
			remoteInfo = PerseiSample;
		};
/* End PBXContainerItemProxy section */

/* Begin PBXFileReference section */
		01628089DA0E7CCF13D6AEE4 /* Pods-PerseiSample.debug.xcconfig */ = {isa = PBXFileReference; includeInIndex = 1; lastKnownFileType = text.xcconfig; name = "Pods-PerseiSample.debug.xcconfig"; path = "Pods/Target Support Files/Pods-PerseiSample/Pods-PerseiSample.debug.xcconfig"; sourceTree = "<group>"; };
		68E4ABEEE6D4936B39FE61F6 /* Pods-PerseiSample.release.xcconfig */ = {isa = PBXFileReference; includeInIndex = 1; lastKnownFileType = text.xcconfig; name = "Pods-PerseiSample.release.xcconfig"; path = "Pods/Target Support Files/Pods-PerseiSample/Pods-PerseiSample.release.xcconfig"; sourceTree = "<group>"; };
		89CF6AD41B8774CF009CDDD9 /* ContentType.swift */ = {isa = PBXFileReference; fileEncoding = 4; lastKnownFileType = sourcecode.swift; path = ContentType.swift; sourceTree = "<group>"; };
		89CF6AD71B87761D009CDDD9 /* CGRectExtension.swift */ = {isa = PBXFileReference; fileEncoding = 4; lastKnownFileType = sourcecode.swift; path = CGRectExtension.swift; sourceTree = "<group>"; };
		89CF6ADA1B8776F9009CDDD9 /* CircularRevealTransition.swift */ = {isa = PBXFileReference; fileEncoding = 4; lastKnownFileType = sourcecode.swift; path = CircularRevealTransition.swift; sourceTree = "<group>"; };
		89DD735C1B821BB000B33E5E /* PerseiSample.app */ = {isa = PBXFileReference; explicitFileType = wrapper.application; includeInIndex = 0; path = PerseiSample.app; sourceTree = BUILT_PRODUCTS_DIR; };
		89DD73601B821BB000B33E5E /* Info.plist */ = {isa = PBXFileReference; lastKnownFileType = text.plist.xml; path = Info.plist; sourceTree = "<group>"; };
		89DD73611B821BB000B33E5E /* AppDelegate.swift */ = {isa = PBXFileReference; lastKnownFileType = sourcecode.swift; path = AppDelegate.swift; sourceTree = "<group>"; };
		89DD73631B821BB000B33E5E /* ViewController.swift */ = {isa = PBXFileReference; lastKnownFileType = sourcecode.swift; path = ViewController.swift; sourceTree = "<group>"; };
		89DD73661B821BB000B33E5E /* Base */ = {isa = PBXFileReference; lastKnownFileType = file.storyboard; name = Base; path = Base.lproj/Main.storyboard; sourceTree = "<group>"; };
		89DD73681B821BB000B33E5E /* Images.xcassets */ = {isa = PBXFileReference; lastKnownFileType = folder.assetcatalog; path = Images.xcassets; sourceTree = "<group>"; };
		89DD736B1B821BB000B33E5E /* Base */ = {isa = PBXFileReference; lastKnownFileType = file.xib; name = Base; path = Base.lproj/LaunchScreen.xib; sourceTree = "<group>"; };
		89DD73711B821BB000B33E5E /* PerseiSampleTests.xctest */ = {isa = PBXFileReference; explicitFileType = wrapper.cfbundle; includeInIndex = 0; path = PerseiSampleTests.xctest; sourceTree = BUILT_PRODUCTS_DIR; };
		89DD73761B821BB000B33E5E /* Info.plist */ = {isa = PBXFileReference; lastKnownFileType = text.plist.xml; path = Info.plist; sourceTree = "<group>"; };
		89DD73771B821BB000B33E5E /* PerseiSampleTests.swift */ = {isa = PBXFileReference; lastKnownFileType = sourcecode.swift; path = PerseiSampleTests.swift; sourceTree = "<group>"; };
		F026066CE7244E5FBC2E3867 /* Pods_PerseiSample.framework */ = {isa = PBXFileReference; explicitFileType = wrapper.framework; includeInIndex = 0; path = Pods_PerseiSample.framework; sourceTree = BUILT_PRODUCTS_DIR; };
/* End PBXFileReference section */

/* Begin PBXFrameworksBuildPhase section */
		89DD73591B821BB000B33E5E /* Frameworks */ = {
			isa = PBXFrameworksBuildPhase;
			buildActionMask = 2147483647;
			files = (
				F47744D1BFB40318E362CC05 /* Pods_PerseiSample.framework in Frameworks */,
			);
			runOnlyForDeploymentPostprocessing = 0;
		};
		89DD736E1B821BB000B33E5E /* Frameworks */ = {
			isa = PBXFrameworksBuildPhase;
			buildActionMask = 2147483647;
			files = (
			);
			runOnlyForDeploymentPostprocessing = 0;
		};
/* End PBXFrameworksBuildPhase section */

/* Begin PBXGroup section */
		37453F1BC352D7AE867F9DC7 /* Pods */ = {
			isa = PBXGroup;
			children = (
				01628089DA0E7CCF13D6AEE4 /* Pods-PerseiSample.debug.xcconfig */,
				68E4ABEEE6D4936B39FE61F6 /* Pods-PerseiSample.release.xcconfig */,
			);
			name = Pods;
			sourceTree = "<group>";
		};
		89CF6AD31B877496009CDDD9 /* model */ = {
			isa = PBXGroup;
			children = (
				89CF6AD41B8774CF009CDDD9 /* ContentType.swift */,
			);
			name = model;
			sourceTree = "<group>";
		};
		89CF6AD61B877602009CDDD9 /* extensions */ = {
			isa = PBXGroup;
			children = (
				89CF6AD71B87761D009CDDD9 /* CGRectExtension.swift */,
			);
			name = extensions;
			sourceTree = "<group>";
		};
		89CF6AD91B8776EF009CDDD9 /* animations */ = {
			isa = PBXGroup;
			children = (
				89CF6ADA1B8776F9009CDDD9 /* CircularRevealTransition.swift */,
			);
			name = animations;
			sourceTree = "<group>";
		};
		89DD73531B821BB000B33E5E = {
			isa = PBXGroup;
			children = (
				89DD735E1B821BB000B33E5E /* PerseiSample */,
				89DD73741B821BB000B33E5E /* PerseiSampleTests */,
				89DD735D1B821BB000B33E5E /* Products */,
				37453F1BC352D7AE867F9DC7 /* Pods */,
				C17FDB23D59836E151CE49B2 /* Frameworks */,
			);
			sourceTree = "<group>";
		};
		89DD735D1B821BB000B33E5E /* Products */ = {
			isa = PBXGroup;
			children = (
				89DD735C1B821BB000B33E5E /* PerseiSample.app */,
				89DD73711B821BB000B33E5E /* PerseiSampleTests.xctest */,
			);
			name = Products;
			sourceTree = "<group>";
		};
		89DD735E1B821BB000B33E5E /* PerseiSample */ = {
			isa = PBXGroup;
			children = (
				89CF6AD91B8776EF009CDDD9 /* animations */,
				89CF6AD61B877602009CDDD9 /* extensions */,
				89CF6AD31B877496009CDDD9 /* model */,
				89DD73611B821BB000B33E5E /* AppDelegate.swift */,
				89DD73631B821BB000B33E5E /* ViewController.swift */,
				89DD73651B821BB000B33E5E /* Main.storyboard */,
				89DD73681B821BB000B33E5E /* Images.xcassets */,
				89DD736A1B821BB000B33E5E /* LaunchScreen.xib */,
				89DD735F1B821BB000B33E5E /* Supporting Files */,
			);
			path = PerseiSample;
			sourceTree = "<group>";
		};
		89DD735F1B821BB000B33E5E /* Supporting Files */ = {
			isa = PBXGroup;
			children = (
				89DD73601B821BB000B33E5E /* Info.plist */,
			);
			name = "Supporting Files";
			sourceTree = "<group>";
		};
		89DD73741B821BB000B33E5E /* PerseiSampleTests */ = {
			isa = PBXGroup;
			children = (
				89DD73771B821BB000B33E5E /* PerseiSampleTests.swift */,
				89DD73751B821BB000B33E5E /* Supporting Files */,
			);
			path = PerseiSampleTests;
			sourceTree = "<group>";
		};
		89DD73751B821BB000B33E5E /* Supporting Files */ = {
			isa = PBXGroup;
			children = (
				89DD73761B821BB000B33E5E /* Info.plist */,
			);
			name = "Supporting Files";
			sourceTree = "<group>";
		};
		C17FDB23D59836E151CE49B2 /* Frameworks */ = {
			isa = PBXGroup;
			children = (
				F026066CE7244E5FBC2E3867 /* Pods_PerseiSample.framework */,
			);
			name = Frameworks;
			sourceTree = "<group>";
		};
/* End PBXGroup section */

/* Begin PBXNativeTarget section */
		89DD735B1B821BB000B33E5E /* PerseiSample */ = {
			isa = PBXNativeTarget;
			buildConfigurationList = 89DD737B1B821BB000B33E5E /* Build configuration list for PBXNativeTarget "PerseiSample" */;
			buildPhases = (
				C2421F5B272921B0920C9C73 /* Check Pods Manifest.lock */,
				89DD73581B821BB000B33E5E /* Sources */,
				89DD73591B821BB000B33E5E /* Frameworks */,
				89DD735A1B821BB000B33E5E /* Resources */,
				2E245351D7BFCACAFBF5FE3B /* Embed Pods Frameworks */,
				38C33E0A5968DEFCD5DA305E /* Copy Pods Resources */,
			);
			buildRules = (
			);
			dependencies = (
			);
			name = PerseiSample;
			productName = PerseiSample;
			productReference = 89DD735C1B821BB000B33E5E /* PerseiSample.app */;
			productType = "com.apple.product-type.application";
		};
		89DD73701B821BB000B33E5E /* PerseiSampleTests */ = {
			isa = PBXNativeTarget;
			buildConfigurationList = 89DD737E1B821BB000B33E5E /* Build configuration list for PBXNativeTarget "PerseiSampleTests" */;
			buildPhases = (
				89DD736D1B821BB000B33E5E /* Sources */,
				89DD736E1B821BB000B33E5E /* Frameworks */,
				89DD736F1B821BB000B33E5E /* Resources */,
			);
			buildRules = (
			);
			dependencies = (
				89DD73731B821BB000B33E5E /* PBXTargetDependency */,
			);
			name = PerseiSampleTests;
			productName = PerseiSampleTests;
			productReference = 89DD73711B821BB000B33E5E /* PerseiSampleTests.xctest */;
			productType = "com.apple.product-type.bundle.unit-test";
		};
/* End PBXNativeTarget section */

/* Begin PBXProject section */
		89DD73541B821BB000B33E5E /* Project object */ = {
			isa = PBXProject;
			attributes = {
				LastUpgradeCheck = 0640;
				ORGANIZATIONNAME = yuichiro_t;
				TargetAttributes = {
					89DD735B1B821BB000B33E5E = {
						CreatedOnToolsVersion = 6.4;
					};
					89DD73701B821BB000B33E5E = {
						CreatedOnToolsVersion = 6.4;
						TestTargetID = 89DD735B1B821BB000B33E5E;
					};
				};
			};
			buildConfigurationList = 89DD73571B821BB000B33E5E /* Build configuration list for PBXProject "PerseiSample" */;
			compatibilityVersion = "Xcode 3.2";
			developmentRegion = English;
			hasScannedForEncodings = 0;
			knownRegions = (
				en,
				Base,
			);
			mainGroup = 89DD73531B821BB000B33E5E;
			productRefGroup = 89DD735D1B821BB000B33E5E /* Products */;
			projectDirPath = "";
			projectRoot = "";
			targets = (
				89DD735B1B821BB000B33E5E /* PerseiSample */,
				89DD73701B821BB000B33E5E /* PerseiSampleTests */,
			);
		};
/* End PBXProject section */

/* Begin PBXResourcesBuildPhase section */
		89DD735A1B821BB000B33E5E /* Resources */ = {
			isa = PBXResourcesBuildPhase;
			buildActionMask = 2147483647;
			files = (
				89DD73671B821BB000B33E5E /* Main.storyboard in Resources */,
				89DD736C1B821BB000B33E5E /* LaunchScreen.xib in Resources */,
				89DD73691B821BB000B33E5E /* Images.xcassets in Resources */,
			);
			runOnlyForDeploymentPostprocessing = 0;
		};
		89DD736F1B821BB000B33E5E /* Resources */ = {
			isa = PBXResourcesBuildPhase;
			buildActionMask = 2147483647;
			files = (
			);
			runOnlyForDeploymentPostprocessing = 0;
		};
/* End PBXResourcesBuildPhase section */

/* Begin PBXShellScriptBuildPhase section */
		2E245351D7BFCACAFBF5FE3B /* Embed Pods Frameworks */ = {
			isa = PBXShellScriptBuildPhase;
			buildActionMask = 2147483647;
			files = (
			);
			inputPaths = (
			);
			name = "Embed Pods Frameworks";
			outputPaths = (
			);
			runOnlyForDeploymentPostprocessing = 0;
			shellPath = /bin/sh;
			shellScript = "\"${SRCROOT}/Pods/Target Support Files/Pods-PerseiSample/Pods-PerseiSample-frameworks.sh\"\n";
			showEnvVarsInLog = 0;
		};
		38C33E0A5968DEFCD5DA305E /* Copy Pods Resources */ = {
			isa = PBXShellScriptBuildPhase;
			buildActionMask = 2147483647;
			files = (
			);
			inputPaths = (
			);
			name = "Copy Pods Resources";
			outputPaths = (
			);
			runOnlyForDeploymentPostprocessing = 0;
			shellPath = /bin/sh;
			shellScript = "\"${SRCROOT}/Pods/Target Support Files/Pods-PerseiSample/Pods-PerseiSample-resources.sh\"\n";
			showEnvVarsInLog = 0;
		};
		C2421F5B272921B0920C9C73 /* Check Pods Manifest.lock */ = {
			isa = PBXShellScriptBuildPhase;
			buildActionMask = 2147483647;
			files = (
			);
			inputPaths = (
			);
			name = "Check Pods Manifest.lock";
			outputPaths = (
			);
			runOnlyForDeploymentPostprocessing = 0;
			shellPath = /bin/sh;
			shellScript = "diff \"${PODS_ROOT}/../Podfile.lock\" \"${PODS_ROOT}/Manifest.lock\" > /dev/null\nif [[ $? != 0 ]] ; then\n    cat << EOM\nerror: The sandbox is not in sync with the Podfile.lock. Run 'pod install' or update your CocoaPods installation.\nEOM\n    exit 1\nfi\n";
			showEnvVarsInLog = 0;
		};
/* End PBXShellScriptBuildPhase section */

/* Begin PBXSourcesBuildPhase section */
		89DD73581B821BB000B33E5E /* Sources */ = {
			isa = PBXSourcesBuildPhase;
			buildActionMask = 2147483647;
			files = (
				89DD73641B821BB000B33E5E /* ViewController.swift in Sources */,
				89CF6AD81B87761D009CDDD9 /* CGRectExtension.swift in Sources */,
				89DD73621B821BB000B33E5E /* AppDelegate.swift in Sources */,
				89CF6AD51B8774CF009CDDD9 /* ContentType.swift in Sources */,
				89CF6ADB1B8776F9009CDDD9 /* CircularRevealTransition.swift in Sources */,
			);
			runOnlyForDeploymentPostprocessing = 0;
		};
		89DD736D1B821BB000B33E5E /* Sources */ = {
			isa = PBXSourcesBuildPhase;
			buildActionMask = 2147483647;
			files = (
				89DD73781B821BB000B33E5E /* PerseiSampleTests.swift in Sources */,
			);
			runOnlyForDeploymentPostprocessing = 0;
		};
/* End PBXSourcesBuildPhase section */

/* Begin PBXTargetDependency section */
		89DD73731B821BB000B33E5E /* PBXTargetDependency */ = {
			isa = PBXTargetDependency;
			target = 89DD735B1B821BB000B33E5E /* PerseiSample */;
			targetProxy = 89DD73721B821BB000B33E5E /* PBXContainerItemProxy */;
		};
/* End PBXTargetDependency section */

/* Begin PBXVariantGroup section */
		89DD73651B821BB000B33E5E /* Main.storyboard */ = {
			isa = PBXVariantGroup;
			children = (
				89DD73661B821BB000B33E5E /* Base */,
			);
			name = Main.storyboard;
			sourceTree = "<group>";
		};
		89DD736A1B821BB000B33E5E /* LaunchScreen.xib */ = {
			isa = PBXVariantGroup;
			children = (
				89DD736B1B821BB000B33E5E /* Base */,
			);
			name = LaunchScreen.xib;
			sourceTree = "<group>";
		};
/* End PBXVariantGroup section */

/* Begin XCBuildConfiguration section */
		89DD73791B821BB000B33E5E /* Debug */ = {
			isa = XCBuildConfiguration;
			buildSettings = {
				ALWAYS_SEARCH_USER_PATHS = NO;
				CLANG_CXX_LANGUAGE_STANDARD = "gnu++0x";
				CLANG_CXX_LIBRARY = "libc++";
				CLANG_ENABLE_MODULES = YES;
				CLANG_ENABLE_OBJC_ARC = YES;
				CLANG_WARN_BOOL_CONVERSION = YES;
				CLANG_WARN_CONSTANT_CONVERSION = YES;
				CLANG_WARN_DIRECT_OBJC_ISA_USAGE = YES_ERROR;
				CLANG_WARN_EMPTY_BODY = YES;
				CLANG_WARN_ENUM_CONVERSION = YES;
				CLANG_WARN_INT_CONVERSION = YES;
				CLANG_WARN_OBJC_ROOT_CLASS = YES_ERROR;
				CLANG_WARN_UNREACHABLE_CODE = YES;
				CLANG_WARN__DUPLICATE_METHOD_MATCH = YES;
				"CODE_SIGN_IDENTITY[sdk=iphoneos*]" = "iPhone Developer";
				COPY_PHASE_STRIP = NO;
				DEBUG_INFORMATION_FORMAT = "dwarf-with-dsym";
				ENABLE_STRICT_OBJC_MSGSEND = YES;
				GCC_C_LANGUAGE_STANDARD = gnu99;
				GCC_DYNAMIC_NO_PIC = NO;
				GCC_NO_COMMON_BLOCKS = YES;
				GCC_OPTIMIZATION_LEVEL = 0;
				GCC_PREPROCESSOR_DEFINITIONS = (
					"DEBUG=1",
					"$(inherited)",
				);
				GCC_SYMBOLS_PRIVATE_EXTERN = NO;
				GCC_WARN_64_TO_32_BIT_CONVERSION = YES;
				GCC_WARN_ABOUT_RETURN_TYPE = YES_ERROR;
				GCC_WARN_UNDECLARED_SELECTOR = YES;
				GCC_WARN_UNINITIALIZED_AUTOS = YES_AGGRESSIVE;
				GCC_WARN_UNUSED_FUNCTION = YES;
				GCC_WARN_UNUSED_VARIABLE = YES;
				IPHONEOS_DEPLOYMENT_TARGET = 8.4;
				MTL_ENABLE_DEBUG_INFO = YES;
				ONLY_ACTIVE_ARCH = YES;
				SDKROOT = iphoneos;
				SWIFT_OPTIMIZATION_LEVEL = "-Onone";
			};
			name = Debug;
		};
		89DD737A1B821BB000B33E5E /* Release */ = {
			isa = XCBuildConfiguration;
			buildSettings = {
				ALWAYS_SEARCH_USER_PATHS = NO;
				CLANG_CXX_LANGUAGE_STANDARD = "gnu++0x";
				CLANG_CXX_LIBRARY = "libc++";
				CLANG_ENABLE_MODULES = YES;
				CLANG_ENABLE_OBJC_ARC = YES;
				CLANG_WARN_BOOL_CONVERSION = YES;
				CLANG_WARN_CONSTANT_CONVERSION = YES;
				CLANG_WARN_DIRECT_OBJC_ISA_USAGE = YES_ERROR;
				CLANG_WARN_EMPTY_BODY = YES;
				CLANG_WARN_ENUM_CONVERSION = YES;
				CLANG_WARN_INT_CONVERSION = YES;
				CLANG_WARN_OBJC_ROOT_CLASS = YES_ERROR;
				CLANG_WARN_UNREACHABLE_CODE = YES;
				CLANG_WARN__DUPLICATE_METHOD_MATCH = YES;
				"CODE_SIGN_IDENTITY[sdk=iphoneos*]" = "iPhone Developer";
				COPY_PHASE_STRIP = NO;
				DEBUG_INFORMATION_FORMAT = "dwarf-with-dsym";
				ENABLE_NS_ASSERTIONS = NO;
				ENABLE_STRICT_OBJC_MSGSEND = YES;
				GCC_C_LANGUAGE_STANDARD = gnu99;
				GCC_NO_COMMON_BLOCKS = YES;
				GCC_WARN_64_TO_32_BIT_CONVERSION = YES;
				GCC_WARN_ABOUT_RETURN_TYPE = YES_ERROR;
				GCC_WARN_UNDECLARED_SELECTOR = YES;
				GCC_WARN_UNINITIALIZED_AUTOS = YES_AGGRESSIVE;
				GCC_WARN_UNUSED_FUNCTION = YES;
				GCC_WARN_UNUSED_VARIABLE = YES;
				IPHONEOS_DEPLOYMENT_TARGET = 8.4;
				MTL_ENABLE_DEBUG_INFO = NO;
				SDKROOT = iphoneos;
				VALIDATE_PRODUCT = YES;
			};
			name = Release;
		};
		89DD737C1B821BB000B33E5E /* Debug */ = {
			isa = XCBuildConfiguration;
			baseConfigurationReference = 01628089DA0E7CCF13D6AEE4 /* Pods-PerseiSample.debug.xcconfig */;
			buildSettings = {
				ASSETCATALOG_COMPILER_APPICON_NAME = AppIcon;
				INFOPLIST_FILE = PerseiSample/Info.plist;
				LD_RUNPATH_SEARCH_PATHS = "$(inherited) @executable_path/Frameworks";
				PRODUCT_NAME = "$(TARGET_NAME)";
			};
			name = Debug;
		};
		89DD737D1B821BB000B33E5E /* Release */ = {
			isa = XCBuildConfiguration;
			baseConfigurationReference = 68E4ABEEE6D4936B39FE61F6 /* Pods-PerseiSample.release.xcconfig */;
			buildSettings = {
				ASSETCATALOG_COMPILER_APPICON_NAME = AppIcon;
				INFOPLIST_FILE = PerseiSample/Info.plist;
				LD_RUNPATH_SEARCH_PATHS = "$(inherited) @executable_path/Frameworks";
				PRODUCT_NAME = "$(TARGET_NAME)";
			};
			name = Release;
		};
		89DD737F1B821BB000B33E5E /* Debug */ = {
			isa = XCBuildConfiguration;
			buildSettings = {
				BUNDLE_LOADER = "$(TEST_HOST)";
				FRAMEWORK_SEARCH_PATHS = (
					"$(SDKROOT)/Developer/Library/Frameworks",
					"$(inherited)",
				);
				GCC_PREPROCESSOR_DEFINITIONS = (
					"DEBUG=1",
					"$(inherited)",
				);
				INFOPLIST_FILE = PerseiSampleTests/Info.plist;
				LD_RUNPATH_SEARCH_PATHS = "$(inherited) @executable_path/Frameworks @loader_path/Frameworks";
				PRODUCT_NAME = "$(TARGET_NAME)";
				TEST_HOST = "$(BUILT_PRODUCTS_DIR)/PerseiSample.app/PerseiSample";
			};
			name = Debug;
		};
		89DD73801B821BB000B33E5E /* Release */ = {
			isa = XCBuildConfiguration;
			buildSettings = {
				BUNDLE_LOADER = "$(TEST_HOST)";
				FRAMEWORK_SEARCH_PATHS = (
					"$(SDKROOT)/Developer/Library/Frameworks",
					"$(inherited)",
				);
				INFOPLIST_FILE = PerseiSampleTests/Info.plist;
				LD_RUNPATH_SEARCH_PATHS = "$(inherited) @executable_path/Frameworks @loader_path/Frameworks";
				PRODUCT_NAME = "$(TARGET_NAME)";
				TEST_HOST = "$(BUILT_PRODUCTS_DIR)/PerseiSample.app/PerseiSample";
			};
			name = Release;
		};
/* End XCBuildConfiguration section */

/* Begin XCConfigurationList section */
		89DD73571B821BB000B33E5E /* Build configuration list for PBXProject "PerseiSample" */ = {
			isa = XCConfigurationList;
			buildConfigurations = (
				89DD73791B821BB000B33E5E /* Debug */,
				89DD737A1B821BB000B33E5E /* Release */,
			);
			defaultConfigurationIsVisible = 0;
			defaultConfigurationName = Release;
		};
		89DD737B1B821BB000B33E5E /* Build configuration list for PBXNativeTarget "PerseiSample" */ = {
			isa = XCConfigurationList;
			buildConfigurations = (
				89DD737C1B821BB000B33E5E /* Debug */,
				89DD737D1B821BB000B33E5E /* Release */,
			);
			defaultConfigurationIsVisible = 0;
			defaultConfigurationName = Release;
		};
		89DD737E1B821BB000B33E5E /* Build configuration list for PBXNativeTarget "PerseiSampleTests" */ = {
			isa = XCConfigurationList;
			buildConfigurations = (
				89DD737F1B821BB000B33E5E /* Debug */,
				89DD73801B821BB000B33E5E /* Release */,
			);
			defaultConfigurationIsVisible = 0;
			defaultConfigurationName = Release;
		};
/* End XCConfigurationList section */
	};
	rootObject = 89DD73541B821BB000B33E5E /* Project object */;
}
